// !$*UTF8*$!
{
	archiveVersion = 1;
	classes = {
	};
	objectVersion = 46;
	objects = {

/* Begin PBXBuildFile section */
		6028127E1DF62EE700B10038 /* SecondViewController.swift in Sources */ = {isa = PBXBuildFile; fileRef = 6028127D1DF62EE700B10038 /* SecondViewController.swift */; };
		602812801DF62EF400B10038 /* ThirdViewController.swift in Sources */ = {isa = PBXBuildFile; fileRef = 6028127F1DF62EF400B10038 /* ThirdViewController.swift */; };
		6051A6EA1DF8DBF9008048BB /* SomeView.xib in Resources */ = {isa = PBXBuildFile; fileRef = 6051A6E91DF8DBF9008048BB /* SomeView.xib */; };
		60EA5B501DF555D10014F77C /* AppDelegate.swift in Sources */ = {isa = PBXBuildFile; fileRef = 60EA5B4F1DF555D10014F77C /* AppDelegate.swift */; };
		60EA5B521DF555D10014F77C /* PageViewController.swift in Sources */ = {isa = PBXBuildFile; fileRef = 60EA5B511DF555D10014F77C /* PageViewController.swift */; };
		60EA5B551DF555D10014F77C /* Main.storyboard in Resources */ = {isa = PBXBuildFile; fileRef = 60EA5B531DF555D10014F77C /* Main.storyboard */; };
		60EA5B571DF555D10014F77C /* Assets.xcassets in Resources */ = {isa = PBXBuildFile; fileRef = 60EA5B561DF555D10014F77C /* Assets.xcassets */; };
		60EA5B5A1DF555D10014F77C /* LaunchScreen.storyboard in Resources */ = {isa = PBXBuildFile; fileRef = 60EA5B581DF555D10014F77C /* LaunchScreen.storyboard */; };
		60EA5B621DF559160014F77C /* FirstViewController.swift in Sources */ = {isa = PBXBuildFile; fileRef = 60EA5B611DF559160014F77C /* FirstViewController.swift */; };
/* End PBXBuildFile section */

/* Begin PBXFileReference section */
		6028127D1DF62EE700B10038 /* SecondViewController.swift */ = {isa = PBXFileReference; fileEncoding = 4; lastKnownFileType = sourcecode.swift; lineEnding = 0; path = SecondViewController.swift; sourceTree = "<group>"; xcLanguageSpecificationIdentifier = xcode.lang.swift; };
		6028127F1DF62EF400B10038 /* ThirdViewController.swift */ = {isa = PBXFileReference; fileEncoding = 4; lastKnownFileType = sourcecode.swift; lineEnding = 0; path = ThirdViewController.swift; sourceTree = "<group>"; xcLanguageSpecificationIdentifier = xcode.lang.swift; };
		6051A6E91DF8DBF9008048BB /* SomeView.xib */ = {isa = PBXFileReference; fileEncoding = 4; lastKnownFileType = file.xib; path = SomeView.xib; sourceTree = "<group>"; };
		60EA5B4C1DF555D10014F77C /* SimplePage.app */ = {isa = PBXFileReference; explicitFileType = wrapper.application; includeInIndex = 0; path = SimplePage.app; sourceTree = BUILT_PRODUCTS_DIR; };
		60EA5B4F1DF555D10014F77C /* AppDelegate.swift */ = {isa = PBXFileReference; lastKnownFileType = sourcecode.swift; path = AppDelegate.swift; sourceTree = "<group>"; };
		60EA5B511DF555D10014F77C /* PageViewController.swift */ = {isa = PBXFileReference; lastKnownFileType = sourcecode.swift; lineEnding = 0; path = PageViewController.swift; sourceTree = "<group>"; xcLanguageSpecificationIdentifier = xcode.lang.swift; };
		60EA5B541DF555D10014F77C /* Base */ = {isa = PBXFileReference; lastKnownFileType = file.storyboard; name = Base; path = Base.lproj/Main.storyboard; sourceTree = "<group>"; };
		60EA5B561DF555D10014F77C /* Assets.xcassets */ = {isa = PBXFileReference; lastKnownFileType = folder.assetcatalog; path = Assets.xcassets; sourceTree = "<group>"; };
		60EA5B591DF555D10014F77C /* Base */ = {isa = PBXFileReference; lastKnownFileType = file.storyboard; name = Base; path = Base.lproj/LaunchScreen.storyboard; sourceTree = "<group>"; };
		60EA5B5B1DF555D10014F77C /* Info.plist */ = {isa = PBXFileReference; lastKnownFileType = text.plist.xml; path = Info.plist; sourceTree = "<group>"; };
		60EA5B611DF559160014F77C /* FirstViewController.swift */ = {isa = PBXFileReference; fileEncoding = 4; lastKnownFileType = sourcecode.swift; lineEnding = 0; path = FirstViewController.swift; sourceTree = "<group>"; xcLanguageSpecificationIdentifier = xcode.lang.swift; };
/* End PBXFileReference section */

/* Begin PBXFrameworksBuildPhase section */
		60EA5B491DF555D10014F77C /* Frameworks */ = {
			isa = PBXFrameworksBuildPhase;
			buildActionMask = 2147483647;
			files = (
			);
			runOnlyForDeploymentPostprocessing = 0;
		};
/* End PBXFrameworksBuildPhase section */

/* Begin PBXGroup section */
		60EA5B431DF555D10014F77C = {
			isa = PBXGroup;
			children = (
				60EA5B4E1DF555D10014F77C /* SimplePage */,
				60EA5B4D1DF555D10014F77C /* Products */,
			);
			sourceTree = "<group>";
		};
		60EA5B4D1DF555D10014F77C /* Products */ = {
			isa = PBXGroup;
			children = (
				60EA5B4C1DF555D10014F77C /* SimplePage.app */,
			);
			name = Products;
			sourceTree = "<group>";
		};
		60EA5B4E1DF555D10014F77C /* SimplePage */ = {
			isa = PBXGroup;
			children = (
				60EA5B611DF559160014F77C /* FirstViewController.swift */,
				6028127D1DF62EE700B10038 /* SecondViewController.swift */,
				6028127F1DF62EF400B10038 /* ThirdViewController.swift */,
				60EA5B4F1DF555D10014F77C /* AppDelegate.swift */,
				60EA5B511DF555D10014F77C /* PageViewController.swift */,
				60EA5B531DF555D10014F77C /* Main.storyboard */,
				6051A6E91DF8DBF9008048BB /* SomeView.xib */,
				60EA5B561DF555D10014F77C /* Assets.xcassets */,
				60EA5B581DF555D10014F77C /* LaunchScreen.storyboard */,
				60EA5B5B1DF555D10014F77C /* Info.plist */,
			);
			path = SimplePage;
			sourceTree = "<group>";
		};
/* End PBXGroup section */

/* Begin PBXNativeTarget section */
		60EA5B4B1DF555D10014F77C /* SimplePage */ = {
			isa = PBXNativeTarget;
			buildConfigurationList = 60EA5B5E1DF555D10014F77C /* Build configuration list for PBXNativeTarget "SimplePage" */;
			buildPhases = (
				60EA5B481DF555D10014F77C /* Sources */,
				60EA5B491DF555D10014F77C /* Frameworks */,
				60EA5B4A1DF555D10014F77C /* Resources */,
			);
			buildRules = (
			);
			dependencies = (
			);
			name = SimplePage;
			productName = SimplePage;
			productReference = 60EA5B4C1DF555D10014F77C /* SimplePage.app */;
			productType = "com.apple.product-type.application";
		};
/* End PBXNativeTarget section */

/* Begin PBXProject section */
		60EA5B441DF555D10014F77C /* Project object */ = {
			isa = PBXProject;
			attributes = {
				LastSwiftUpdateCheck = 0810;
				LastUpgradeCheck = 0810;
				ORGANIZATIONNAME = "Hiroshi Tanaka";
				TargetAttributes = {
					60EA5B4B1DF555D10014F77C = {
						CreatedOnToolsVersion = 8.1;
						DevelopmentTeam = XB3BR4BYPE;
						ProvisioningStyle = Automatic;
					};
				};
			};
			buildConfigurationList = 60EA5B471DF555D10014F77C /* Build configuration list for PBXProject "SimplePage" */;
			compatibilityVersion = "Xcode 3.2";
			developmentRegion = English;
			hasScannedForEncodings = 0;
			knownRegions = (
				en,
				Base,
			);
			mainGroup = 60EA5B431DF555D10014F77C;
			productRefGroup = 60EA5B4D1DF555D10014F77C /* Products */;
			projectDirPath = "";
			projectRoot = "";
			targets = (
				60EA5B4B1DF555D10014F77C /* SimplePage */,
			);
		};
/* End PBXProject section */

/* Begin PBXResourcesBuildPhase section */
		60EA5B4A1DF555D10014F77C /* Resources */ = {
			isa = PBXResourcesBuildPhase;
			buildActionMask = 2147483647;
			files = (
				6051A6EA1DF8DBF9008048BB /* SomeView.xib in Resources */,
				60EA5B5A1DF555D10014F77C /* LaunchScreen.storyboard in Resources */,
				60EA5B571DF555D10014F77C /* Assets.xcassets in Resources */,
				60EA5B551DF555D10014F77C /* Main.storyboard in Resources */,
			);
			runOnlyForDeploymentPostprocessing = 0;
		};
/* End PBXResourcesBuildPhase section */

/* Begin PBXSourcesBuildPhase section */
		60EA5B481DF555D10014F77C /* Sources */ = {
			isa = PBXSourcesBuildPhase;
			buildActionMask = 2147483647;
			files = (
				6028127E1DF62EE700B10038 /* SecondViewController.swift in Sources */,
				60EA5B621DF559160014F77C /* FirstViewController.swift in Sources */,
				602812801DF62EF400B10038 /* ThirdViewController.swift in Sources */,
				60EA5B521DF555D10014F77C /* PageViewController.swift in Sources */,
				60EA5B501DF555D10014F77C /* AppDelegate.swift in Sources */,
			);
			runOnlyForDeploymentPostprocessing = 0;
		};
/* End PBXSourcesBuildPhase section */

/* Begin PBXVariantGroup section */
		60EA5B531DF555D10014F77C /* Main.storyboard */ = {
			isa = PBXVariantGroup;
			children = (
				60EA5B541DF555D10014F77C /* Base */,
			);
			name = Main.storyboard;
			sourceTree = "<group>";
		};
		60EA5B581DF555D10014F77C /* LaunchScreen.storyboard */ = {
			isa = PBXVariantGroup;
			children = (
				60EA5B591DF555D10014F77C /* Base */,
			);
			name = LaunchScreen.storyboard;
			sourceTree = "<group>";
		};
/* End PBXVariantGroup section */

/* Begin XCBuildConfiguration section */
		60EA5B5C1DF555D10014F77C /* Debug */ = {
			isa = XCBuildConfiguration;
			buildSettings = {
				ALWAYS_SEARCH_USER_PATHS = NO;
				CLANG_ANALYZER_NONNULL = YES;
				CLANG_CXX_LANGUAGE_STANDARD = "gnu++0x";
				CLANG_CXX_LIBRARY = "libc++";
				CLANG_ENABLE_MODULES = YES;
				CLANG_ENABLE_OBJC_ARC = YES;
				CLANG_WARN_BOOL_CONVERSION = YES;
				CLANG_WARN_CONSTANT_CONVERSION = YES;
				CLANG_WARN_DIRECT_OBJC_ISA_USAGE = YES_ERROR;
				CLANG_WARN_DOCUMENTATION_COMMENTS = YES;
				CLANG_WARN_EMPTY_BODY = YES;
				CLANG_WARN_ENUM_CONVERSION = YES;
				CLANG_WARN_INFINITE_RECURSION = YES;
				CLANG_WARN_INT_CONVERSION = YES;
				CLANG_WARN_OBJC_ROOT_CLASS = YES_ERROR;
				CLANG_WARN_SUSPICIOUS_MOVES = YES;
				CLANG_WARN_UNREACHABLE_CODE = YES;
				CLANG_WARN__DUPLICATE_METHOD_MATCH = YES;
				"CODE_SIGN_IDENTITY[sdk=iphoneos*]" = "iPhone Developer";
				COPY_PHASE_STRIP = NO;
				DEBUG_INFORMATION_FORMAT = dwarf;
				ENABLE_STRICT_OBJC_MSGSEND = YES;
				ENABLE_TESTABILITY = YES;
				GCC_C_LANGUAGE_STANDARD = gnu99;
				GCC_DYNAMIC_NO_PIC = NO;
				GCC_NO_COMMON_BLOCKS = YES;
				GCC_OPTIMIZATION_LEVEL = 0;
				GCC_PREPROCESSOR_DEFINITIONS = (
					"DEBUG=1",
					"$(inherited)",
				);
				GCC_WARN_64_TO_32_BIT_CONVERSION = YES;
				GCC_WARN_ABOUT_RETURN_TYPE = YES_ERROR;
				GCC_WARN_UNDECLARED_SELECTOR = YES;
				GCC_WARN_UNINITIALIZED_AUTOS = YES_AGGRESSIVE;
				GCC_WARN_UNUSED_FUNCTION = YES;
				GCC_WARN_UNUSED_VARIABLE = YES;
				IPHONEOS_DEPLOYMENT_TARGET = 10.1;
				MTL_ENABLE_DEBUG_INFO = YES;
				ONLY_ACTIVE_ARCH = YES;
				SDKROOT = iphoneos;
				SWIFT_ACTIVE_COMPILATION_CONDITIONS = DEBUG;
				SWIFT_OPTIMIZATION_LEVEL = "-Onone";
			};
			name = Debug;
		};
		60EA5B5D1DF555D10014F77C /* Release */ = {
			isa = XCBuildConfiguration;
			buildSettings = {
				ALWAYS_SEARCH_USER_PATHS = NO;
				CLANG_ANALYZER_NONNULL = YES;
				CLANG_CXX_LANGUAGE_STANDARD = "gnu++0x";
				CLANG_CXX_LIBRARY = "libc++";
				CLANG_ENABLE_MODULES = YES;
				CLANG_ENABLE_OBJC_ARC = YES;
				CLANG_WARN_BOOL_CONVERSION = YES;
				CLANG_WARN_CONSTANT_CONVERSION = YES;
				CLANG_WARN_DIRECT_OBJC_ISA_USAGE = YES_ERROR;
				CLANG_WARN_DOCUMENTATION_COMMENTS = YES;
				CLANG_WARN_EMPTY_BODY = YES;
				CLANG_WARN_ENUM_CONVERSION = YES;
				CLANG_WARN_INFINITE_RECURSION = YES;
				CLANG_WARN_INT_CONVERSION = YES;
				CLANG_WARN_OBJC_ROOT_CLASS = YES_ERROR;
				CLANG_WARN_SUSPICIOUS_MOVES = YES;
				CLANG_WARN_UNREACHABLE_CODE = YES;
				CLANG_WARN__DUPLICATE_METHOD_MATCH = YES;
				"CODE_SIGN_IDENTITY[sdk=iphoneos*]" = "iPhone Developer";
				COPY_PHASE_STRIP = NO;
				DEBUG_INFORMATION_FORMAT = "dwarf-with-dsym";
				ENABLE_NS_ASSERTIONS = NO;
				ENABLE_STRICT_OBJC_MSGSEND = YES;
				GCC_C_LANGUAGE_STANDARD = gnu99;
				GCC_NO_COMMON_BLOCKS = YES;
				GCC_WARN_64_TO_32_BIT_CONVERSION = YES;
				GCC_WARN_ABOUT_RETURN_TYPE = YES_ERROR;
				GCC_WARN_UNDECLARED_SELECTOR = YES;
				GCC_WARN_UNINITIALIZED_AUTOS = YES_AGGRESSIVE;
				GCC_WARN_UNUSED_FUNCTION = YES;
				GCC_WARN_UNUSED_VARIABLE = YES;
				IPHONEOS_DEPLOYMENT_TARGET = 10.1;
				MTL_ENABLE_DEBUG_INFO = NO;
				SDKROOT = iphoneos;
				SWIFT_OPTIMIZATION_LEVEL = "-Owholemodule";
				VALIDATE_PRODUCT = YES;
			};
			name = Release;
		};
		60EA5B5F1DF555D10014F77C /* Debug */ = {
			isa = XCBuildConfiguration;
			buildSettings = {
				ASSETCATALOG_COMPILER_APPICON_NAME = AppIcon;
				DEVELOPMENT_TEAM = XB3BR4BYPE;
				INFOPLIST_FILE = SimplePage/Info.plist;
				LD_RUNPATH_SEARCH_PATHS = "$(inherited) @executable_path/Frameworks";
				PRODUCT_BUNDLE_IDENTIFIER = jp.ad.private.SimplePage;
				PRODUCT_NAME = "$(TARGET_NAME)";
				SWIFT_VERSION = 3.0;
			};
			name = Debug;
		};
		60EA5B601DF555D10014F77C /* Release */ = {
			isa = XCBuildConfiguration;
			buildSettings = {
				ASSETCATALOG_COMPILER_APPICON_NAME = AppIcon;
				DEVELOPMENT_TEAM = XB3BR4BYPE;
				INFOPLIST_FILE = SimplePage/Info.plist;
				LD_RUNPATH_SEARCH_PATHS = "$(inherited) @executable_path/Frameworks";
				PRODUCT_BUNDLE_IDENTIFIER = jp.ad.private.SimplePage;
				PRODUCT_NAME = "$(TARGET_NAME)";
				SWIFT_VERSION = 3.0;
			};
			name = Release;
		};
/* End XCBuildConfiguration section */

/* Begin XCConfigurationList section */
		60EA5B471DF555D10014F77C /* Build configuration list for PBXProject "SimplePage" */ = {
			isa = XCConfigurationList;
			buildConfigurations = (
				60EA5B5C1DF555D10014F77C /* Debug */,
				60EA5B5D1DF555D10014F77C /* Release */,
			);
			defaultConfigurationIsVisible = 0;
			defaultConfigurationName = Release;
		};
		60EA5B5E1DF555D10014F77C /* Build configuration list for PBXNativeTarget "SimplePage" */ = {
			isa = XCConfigurationList;
			buildConfigurations = (
				60EA5B5F1DF555D10014F77C /* Debug */,
				60EA5B601DF555D10014F77C /* Release */,
			);
			defaultConfigurationIsVisible = 0;
			defaultConfigurationName = Release;
		};
/* End XCConfigurationList section */
	};
	rootObject = 60EA5B441DF555D10014F77C /* Project object */;
}
